
Microsoft Visual Studio Solution File, Format Version 12.00
# Visual Studio Version 17
VisualStudioVersion = 17.8.34316.72
MinimumVisualStudioVersion = 10.0.40219.1
Project("{9A19103F-16F7-4668-BE54-9A1E7A4F7556}") = "Task4-2", "Task4-2.csproj", "{E3CB9EA5-EFBF-4763-A4BE-12CD12456C71}"
EndProject
Global
	GlobalSection(SolutionConfigurationPlatforms) = preSolution
		Debug|Any CPU = Debug|Any CPU
		Release|Any CPU = Release|Any CPU
	EndGlobalSection
	GlobalSection(ProjectConfigurationPlatforms) = postSolution
		{E3CB9EA5-EFBF-4763-A4BE-12CD12456C71}.Debug|Any CPU.ActiveCfg = Debug|Any CPU
		{E3CB9EA5-EFBF-4763-A4BE-12CD12456C71}.Debug|Any CPU.Build.0 = Debug|Any CPU
		{E3CB9EA5-EFBF-4763-A4BE-12CD12456C71}.Release|Any CPU.ActiveCfg = Release|Any CPU
		{E3CB9EA5-EFBF-4763-A4BE-12CD12456C71}.Release|Any CPU.Build.0 = Release|Any CPU
	EndGlobalSection
	GlobalSection(SolutionProperties) = preSolution
		HideSolutionNode = FALSE
	EndGlobalSection
	GlobalSection(ExtensibilityGlobals) = postSolution
		SolutionGuid = {8BA438AB-F7AF-451F-9DFB-4A2529D6B317}
	EndGlobalSection
EndGlobal
